
Microsoft Visual Studio Solution File, Format Version 12.00
# Visual Studio Version 16
VisualStudioVersion = 16.0.30523.141
MinimumVisualStudioVersion = 10.0.40219.1
Project("{FAE04EC0-301F-11D3-BF4B-00C04F79EFBC}") = "AgileBoardLogic", "AgileBoardLogic\AgileBoardLogic.csproj", "{257B6BFC-084E-4FA7-987F-1BCD93D79578}"
EndProject
Global
	GlobalSection(SolutionConfigurationPlatforms) = preSolution
		Debug|Any CPU = Debug|Any CPU
		Release|Any CPU = Release|Any CPU
	EndGlobalSection
	GlobalSection(ProjectConfigurationPlatforms) = postSolution
		{257B6BFC-084E-4FA7-987F-1BCD93D79578}.Debug|Any CPU.ActiveCfg = Debug|Any CPU
		{257B6BFC-084E-4FA7-987F-1BCD93D79578}.Debug|Any CPU.Build.0 = Debug|Any CPU
		{257B6BFC-084E-4FA7-987F-1BCD93D79578}.Release|Any CPU.ActiveCfg = Release|Any CPU
		{257B6BFC-084E-4FA7-987F-1BCD93D79578}.Release|Any CPU.Build.0 = Release|Any CPU
	EndGlobalSection
	GlobalSection(SolutionProperties) = preSolution
		HideSolutionNode = FALSE
	EndGlobalSection
	GlobalSection(ExtensibilityGlobals) = postSolution
		SolutionGuid = {BC1E7B56-2F8F-4CAD-B287-2FAD77AED88F}
	EndGlobalSection
EndGlobal
